
Microsoft Visual Studio Solution File, Format Version 12.00
# Visual Studio Version 16
VisualStudioVersion = 16.0.33920.266
MinimumVisualStudioVersion = 10.0.40219.1
Project("{FAE04EC0-301F-11D3-BF4B-00C04F79EFBC}") = "spm", "spm.csproj", "{F6EDF684-2F11-47FC-B00C-9109D315AD98}"
EndProject
Global
	GlobalSection(SolutionConfigurationPlatforms) = preSolution
		Debug|Any CPU = Debug|Any CPU
		Release|Any CPU = Release|Any CPU
	EndGlobalSection
	GlobalSection(ProjectConfigurationPlatforms) = postSolution
		{F6EDF684-2F11-47FC-B00C-9109D315AD98}.Debug|Any CPU.ActiveCfg = Debug|Any CPU
		{F6EDF684-2F11-47FC-B00C-9109D315AD98}.Debug|Any CPU.Build.0 = Debug|Any CPU
		{F6EDF684-2F11-47FC-B00C-9109D315AD98}.Release|Any CPU.ActiveCfg = Release|Any CPU
		{F6EDF684-2F11-47FC-B00C-9109D315AD98}.Release|Any CPU.Build.0 = Release|Any CPU
	EndGlobalSection
	GlobalSection(SolutionProperties) = preSolution
		HideSolutionNode = FALSE
	EndGlobalSection
	GlobalSection(ExtensibilityGlobals) = postSolution
		SolutionGuid = {81F73619-9D54-40F2-B991-FF0BB8E26258}
	EndGlobalSection
EndGlobal
